// !$*UTF8*$!
{
	archiveVersion = 1;
	classes = {
	};
	objectVersion = 50;
	objects = {

/* Begin PBXBuildFile section */
		42614ABB254876CA003BBAC8 /* HospitalListVCTests.swift in Sources */ = {isa = PBXBuildFile; fileRef = 42614ABA254876CA003BBAC8 /* HospitalListVCTests.swift */; };
		42614AC425487753003BBAC8 /* HospitalListViewModelSpy.swift in Sources */ = {isa = PBXBuildFile; fileRef = 42614AC325487753003BBAC8 /* HospitalListViewModelSpy.swift */; };
		42614ACC25487B33003BBAC8 /* HospitalListViewModelTests.swift in Sources */ = {isa = PBXBuildFile; fileRef = 42614ACB25487B33003BBAC8 /* HospitalListViewModelTests.swift */; };
		42614AD125488319003BBAC8 /* HospitalListViewSpy.swift in Sources */ = {isa = PBXBuildFile; fileRef = 42614AD025488319003BBAC8 /* HospitalListViewSpy.swift */; };
		42614AD7254883D1003BBAC8 /* NetworkManagerSpy.swift in Sources */ = {isa = PBXBuildFile; fileRef = 42614AD6254883D1003BBAC8 /* NetworkManagerSpy.swift */; };
		42614AE72548897D003BBAC8 /* Hospital.csv in Resources */ = {isa = PBXBuildFile; fileRef = 42614AE62548897D003BBAC8 /* Hospital.csv */; };
		4287A80C2548726700B344EC /* HospitalListCell.swift in Sources */ = {isa = PBXBuildFile; fileRef = 4287A80A2548726700B344EC /* HospitalListCell.swift */; };
		4287A80D2548726700B344EC /* HospitalListCell.xib in Resources */ = {isa = PBXBuildFile; fileRef = 4287A80B2548726700B344EC /* HospitalListCell.xib */; };
		429D3CA82547312400221CBB /* AppDelegate.swift in Sources */ = {isa = PBXBuildFile; fileRef = 429D3CA72547312400221CBB /* AppDelegate.swift */; };
		429D3CAA2547312400221CBB /* SceneDelegate.swift in Sources */ = {isa = PBXBuildFile; fileRef = 429D3CA92547312400221CBB /* SceneDelegate.swift */; };
		429D3CAF2547312400221CBB /* Main.storyboard in Resources */ = {isa = PBXBuildFile; fileRef = 429D3CAD2547312400221CBB /* Main.storyboard */; };
		429D3CB12547312500221CBB /* Assets.xcassets in Resources */ = {isa = PBXBuildFile; fileRef = 429D3CB02547312500221CBB /* Assets.xcassets */; };
		429D3CB42547312500221CBB /* LaunchScreen.storyboard in Resources */ = {isa = PBXBuildFile; fileRef = 429D3CB22547312500221CBB /* LaunchScreen.storyboard */; };
		429D3CBF2547312500221CBB /* Sensyne_HospitalsTests.swift in Sources */ = {isa = PBXBuildFile; fileRef = 429D3CBE2547312500221CBB /* Sensyne_HospitalsTests.swift */; };
		429D3CCA2547312500221CBB /* Sensyne_HospitalsUITests.swift in Sources */ = {isa = PBXBuildFile; fileRef = 429D3CC92547312500221CBB /* Sensyne_HospitalsUITests.swift */; };
		429D3CE72547318100221CBB /* HospitalListVC.swift in Sources */ = {isa = PBXBuildFile; fileRef = 429D3CE62547318100221CBB /* HospitalListVC.swift */; };
		429D3CEC2547324600221CBB /* HospitalListViewModel.swift in Sources */ = {isa = PBXBuildFile; fileRef = 429D3CEB2547324600221CBB /* HospitalListViewModel.swift */; };
		429D3CF3254732DC00221CBB /* Hospital.swift in Sources */ = {isa = PBXBuildFile; fileRef = 429D3CF2254732DC00221CBB /* Hospital.swift */; };
		429D3CF82547400100221CBB /* NetworkManager.swift in Sources */ = {isa = PBXBuildFile; fileRef = 429D3CF72547400100221CBB /* NetworkManager.swift */; };
		42C4373225478B6000E62374 /* CSVFile.swift in Sources */ = {isa = PBXBuildFile; fileRef = 42C4373125478B6000E62374 /* CSVFile.swift */; };
		42E6F7732548697C008E1CB0 /* HospitalListVC+UITableView.swift in Sources */ = {isa = PBXBuildFile; fileRef = 42E6F7722548697C008E1CB0 /* HospitalListVC+UITableView.swift */; };
		42E87F8D2548612E0088A381 /* HospitalCSVField.swift in Sources */ = {isa = PBXBuildFile; fileRef = 42E87F8C2548612E0088A381 /* HospitalCSVField.swift */; };
/* End PBXBuildFile section */

/* Begin PBXContainerItemProxy section */
		429D3CBB2547312500221CBB /* PBXContainerItemProxy */ = {
			isa = PBXContainerItemProxy;
			containerPortal = 429D3C9C2547312400221CBB /* Project object */;
			proxyType = 1;
			remoteGlobalIDString = 429D3CA32547312400221CBB;
			remoteInfo = "Sensyne Hospitals";
		};
		429D3CC62547312500221CBB /* PBXContainerItemProxy */ = {
			isa = PBXContainerItemProxy;
			containerPortal = 429D3C9C2547312400221CBB /* Project object */;
			proxyType = 1;
			remoteGlobalIDString = 429D3CA32547312400221CBB;
			remoteInfo = "Sensyne Hospitals";
		};
/* End PBXContainerItemProxy section */

/* Begin PBXFileReference section */
		42614ABA254876CA003BBAC8 /* HospitalListVCTests.swift */ = {isa = PBXFileReference; lastKnownFileType = sourcecode.swift; path = HospitalListVCTests.swift; sourceTree = "<group>"; };
		42614AC325487753003BBAC8 /* HospitalListViewModelSpy.swift */ = {isa = PBXFileReference; lastKnownFileType = sourcecode.swift; path = HospitalListViewModelSpy.swift; sourceTree = "<group>"; };
		42614ACB25487B33003BBAC8 /* HospitalListViewModelTests.swift */ = {isa = PBXFileReference; lastKnownFileType = sourcecode.swift; path = HospitalListViewModelTests.swift; sourceTree = "<group>"; };
		42614AD025488319003BBAC8 /* HospitalListViewSpy.swift */ = {isa = PBXFileReference; lastKnownFileType = sourcecode.swift; path = HospitalListViewSpy.swift; sourceTree = "<group>"; };
		42614AD6254883D1003BBAC8 /* NetworkManagerSpy.swift */ = {isa = PBXFileReference; lastKnownFileType = sourcecode.swift; path = NetworkManagerSpy.swift; sourceTree = "<group>"; };
		42614AE62548897D003BBAC8 /* Hospital.csv */ = {isa = PBXFileReference; fileEncoding = 4; lastKnownFileType = text; name = Hospital.csv; path = ../../../../../Downloads/Hospital.csv; sourceTree = "<group>"; };
		4287A80A2548726700B344EC /* HospitalListCell.swift */ = {isa = PBXFileReference; lastKnownFileType = sourcecode.swift; path = HospitalListCell.swift; sourceTree = "<group>"; };
		4287A80B2548726700B344EC /* HospitalListCell.xib */ = {isa = PBXFileReference; lastKnownFileType = file.xib; path = HospitalListCell.xib; sourceTree = "<group>"; };
		429D3CA42547312400221CBB /* Sensyne Hospitals.app */ = {isa = PBXFileReference; explicitFileType = wrapper.application; includeInIndex = 0; path = "Sensyne Hospitals.app"; sourceTree = BUILT_PRODUCTS_DIR; };
		429D3CA72547312400221CBB /* AppDelegate.swift */ = {isa = PBXFileReference; lastKnownFileType = sourcecode.swift; path = AppDelegate.swift; sourceTree = "<group>"; };
		429D3CA92547312400221CBB /* SceneDelegate.swift */ = {isa = PBXFileReference; lastKnownFileType = sourcecode.swift; path = SceneDelegate.swift; sourceTree = "<group>"; };
		429D3CAE2547312400221CBB /* Base */ = {isa = PBXFileReference; lastKnownFileType = file.storyboard; name = Base; path = Base.lproj/Main.storyboard; sourceTree = "<group>"; };
		429D3CB02547312500221CBB /* Assets.xcassets */ = {isa = PBXFileReference; lastKnownFileType = folder.assetcatalog; path = Assets.xcassets; sourceTree = "<group>"; };
		429D3CB32547312500221CBB /* Base */ = {isa = PBXFileReference; lastKnownFileType = file.storyboard; name = Base; path = Base.lproj/LaunchScreen.storyboard; sourceTree = "<group>"; };
		429D3CB52547312500221CBB /* Info.plist */ = {isa = PBXFileReference; lastKnownFileType = text.plist.xml; path = Info.plist; sourceTree = "<group>"; };
		429D3CBA2547312500221CBB /* Sensyne HospitalsTests.xctest */ = {isa = PBXFileReference; explicitFileType = wrapper.cfbundle; includeInIndex = 0; path = "Sensyne HospitalsTests.xctest"; sourceTree = BUILT_PRODUCTS_DIR; };
		429D3CBE2547312500221CBB /* Sensyne_HospitalsTests.swift */ = {isa = PBXFileReference; lastKnownFileType = sourcecode.swift; path = Sensyne_HospitalsTests.swift; sourceTree = "<group>"; };
		429D3CC02547312500221CBB /* Info.plist */ = {isa = PBXFileReference; lastKnownFileType = text.plist.xml; path = Info.plist; sourceTree = "<group>"; };
		429D3CC52547312500221CBB /* Sensyne HospitalsUITests.xctest */ = {isa = PBXFileReference; explicitFileType = wrapper.cfbundle; includeInIndex = 0; path = "Sensyne HospitalsUITests.xctest"; sourceTree = BUILT_PRODUCTS_DIR; };
		429D3CC92547312500221CBB /* Sensyne_HospitalsUITests.swift */ = {isa = PBXFileReference; lastKnownFileType = sourcecode.swift; path = Sensyne_HospitalsUITests.swift; sourceTree = "<group>"; };
		429D3CCB2547312500221CBB /* Info.plist */ = {isa = PBXFileReference; lastKnownFileType = text.plist.xml; path = Info.plist; sourceTree = "<group>"; };
		429D3CE62547318100221CBB /* HospitalListVC.swift */ = {isa = PBXFileReference; lastKnownFileType = sourcecode.swift; path = HospitalListVC.swift; sourceTree = "<group>"; };
		429D3CEB2547324600221CBB /* HospitalListViewModel.swift */ = {isa = PBXFileReference; lastKnownFileType = sourcecode.swift; path = HospitalListViewModel.swift; sourceTree = "<group>"; };
		429D3CF2254732DC00221CBB /* Hospital.swift */ = {isa = PBXFileReference; lastKnownFileType = sourcecode.swift; path = Hospital.swift; sourceTree = "<group>"; };
		429D3CF72547400100221CBB /* NetworkManager.swift */ = {isa = PBXFileReference; lastKnownFileType = sourcecode.swift; path = NetworkManager.swift; sourceTree = "<group>"; };
		42C4373125478B6000E62374 /* CSVFile.swift */ = {isa = PBXFileReference; lastKnownFileType = sourcecode.swift; path = CSVFile.swift; sourceTree = "<group>"; };
		42E6F7722548697C008E1CB0 /* HospitalListVC+UITableView.swift */ = {isa = PBXFileReference; lastKnownFileType = sourcecode.swift; path = "HospitalListVC+UITableView.swift"; sourceTree = "<group>"; };
		42E87F8C2548612E0088A381 /* HospitalCSVField.swift */ = {isa = PBXFileReference; lastKnownFileType = sourcecode.swift; path = HospitalCSVField.swift; sourceTree = "<group>"; };
/* End PBXFileReference section */

/* Begin PBXFrameworksBuildPhase section */
		429D3CA12547312400221CBB /* Frameworks */ = {
			isa = PBXFrameworksBuildPhase;
			buildActionMask = 2147483647;
			files = (
			);
			runOnlyForDeploymentPostprocessing = 0;
		};
		429D3CB72547312500221CBB /* Frameworks */ = {
			isa = PBXFrameworksBuildPhase;
			buildActionMask = 2147483647;
			files = (
			);
			runOnlyForDeploymentPostprocessing = 0;
		};
		429D3CC22547312500221CBB /* Frameworks */ = {
			isa = PBXFrameworksBuildPhase;
			buildActionMask = 2147483647;
			files = (
			);
			runOnlyForDeploymentPostprocessing = 0;
		};
/* End PBXFrameworksBuildPhase section */

/* Begin PBXGroup section */
		42614AB9254876AA003BBAC8 /* Hospital List Tests */ = {
			isa = PBXGroup;
			children = (
				42614AC225487736003BBAC8 /* Spies */,
				42614ABA254876CA003BBAC8 /* HospitalListVCTests.swift */,
				42614ACB25487B33003BBAC8 /* HospitalListViewModelTests.swift */,
			);
			path = "Hospital List Tests";
			sourceTree = "<group>";
		};
		42614AC225487736003BBAC8 /* Spies */ = {
			isa = PBXGroup;
			children = (
				42614AC325487753003BBAC8 /* HospitalListViewModelSpy.swift */,
				42614AD025488319003BBAC8 /* HospitalListViewSpy.swift */,
			);
			path = Spies;
			sourceTree = "<group>";
		};
		42614AD5254883C1003BBAC8 /* Common */ = {
			isa = PBXGroup;
			children = (
				42614AD6254883D1003BBAC8 /* NetworkManagerSpy.swift */,
			);
			path = Common;
			sourceTree = "<group>";
		};
		429D3C9B2547312400221CBB = {
			isa = PBXGroup;
			children = (
				429D3CA62547312400221CBB /* Sensyne Hospitals */,
				429D3CBD2547312500221CBB /* Sensyne HospitalsTests */,
				429D3CC82547312500221CBB /* Sensyne HospitalsUITests */,
				429D3CA52547312400221CBB /* Products */,
			);
			sourceTree = "<group>";
		};
		429D3CA52547312400221CBB /* Products */ = {
			isa = PBXGroup;
			children = (
				429D3CA42547312400221CBB /* Sensyne Hospitals.app */,
				429D3CBA2547312500221CBB /* Sensyne HospitalsTests.xctest */,
				429D3CC52547312500221CBB /* Sensyne HospitalsUITests.xctest */,
			);
			name = Products;
			sourceTree = "<group>";
		};
		429D3CA62547312400221CBB /* Sensyne Hospitals */ = {
			isa = PBXGroup;
			children = (
				429D3CE42547315300221CBB /* Shared */,
				429D3CE32547314F00221CBB /* Features */,
				429D3CA72547312400221CBB /* AppDelegate.swift */,
				429D3CA92547312400221CBB /* SceneDelegate.swift */,
				429D3CAD2547312400221CBB /* Main.storyboard */,
				429D3CB02547312500221CBB /* Assets.xcassets */,
				429D3CB22547312500221CBB /* LaunchScreen.storyboard */,
				429D3CB52547312500221CBB /* Info.plist */,
			);
			path = "Sensyne Hospitals";
			sourceTree = "<group>";
		};
		429D3CBD2547312500221CBB /* Sensyne HospitalsTests */ = {
			isa = PBXGroup;
			children = (
				42614AE62548897D003BBAC8 /* Hospital.csv */,
				42614AD5254883C1003BBAC8 /* Common */,
				42614AB9254876AA003BBAC8 /* Hospital List Tests */,
				429D3CBE2547312500221CBB /* Sensyne_HospitalsTests.swift */,
				429D3CC02547312500221CBB /* Info.plist */,
			);
			path = "Sensyne HospitalsTests";
			sourceTree = "<group>";
		};
		429D3CC82547312500221CBB /* Sensyne HospitalsUITests */ = {
			isa = PBXGroup;
			children = (
				429D3CC92547312500221CBB /* Sensyne_HospitalsUITests.swift */,
				429D3CCB2547312500221CBB /* Info.plist */,
			);
			path = "Sensyne HospitalsUITests";
			sourceTree = "<group>";
		};
		429D3CE32547314F00221CBB /* Features */ = {
			isa = PBXGroup;
			children = (
				429D3CE52547315F00221CBB /* Hospital List */,
			);
			path = Features;
			sourceTree = "<group>";
		};
		429D3CE42547315300221CBB /* Shared */ = {
			isa = PBXGroup;
			children = (
				42E87F91254861850088A381 /* Enums */,
				429D3CF0254732CA00221CBB /* Models */,
				429D3CF72547400100221CBB /* NetworkManager.swift */,
			);
			path = Shared;
			sourceTree = "<group>";
		};
		429D3CE52547315F00221CBB /* Hospital List */ = {
			isa = PBXGroup;
			children = (
				42E6F7712548694A008E1CB0 /* Business Layer */,
				42E6F7702548693A008E1CB0 /* UI Layer */,
			);
			path = "Hospital List";
			sourceTree = "<group>";
		};
		429D3CF0254732CA00221CBB /* Models */ = {
			isa = PBXGroup;
			children = (
				429D3CF2254732DC00221CBB /* Hospital.swift */,
				42C4373125478B6000E62374 /* CSVFile.swift */,
			);
			path = Models;
			sourceTree = "<group>";
		};
		42E6F7702548693A008E1CB0 /* UI Layer */ = {
			isa = PBXGroup;
			children = (
				429D3CE62547318100221CBB /* HospitalListVC.swift */,
				42E6F7722548697C008E1CB0 /* HospitalListVC+UITableView.swift */,
				4287A80A2548726700B344EC /* HospitalListCell.swift */,
				4287A80B2548726700B344EC /* HospitalListCell.xib */,
			);
			path = "UI Layer";
			sourceTree = "<group>";
		};
		42E6F7712548694A008E1CB0 /* Business Layer */ = {
			isa = PBXGroup;
			children = (
				429D3CEB2547324600221CBB /* HospitalListViewModel.swift */,
			);
			path = "Business Layer";
			sourceTree = "<group>";
		};
		42E87F91254861850088A381 /* Enums */ = {
			isa = PBXGroup;
			children = (
				42E87F8C2548612E0088A381 /* HospitalCSVField.swift */,
			);
			path = Enums;
			sourceTree = "<group>";
		};
/* End PBXGroup section */

/* Begin PBXNativeTarget section */
		429D3CA32547312400221CBB /* Sensyne Hospitals */ = {
			isa = PBXNativeTarget;
			buildConfigurationList = 429D3CCE2547312500221CBB /* Build configuration list for PBXNativeTarget "Sensyne Hospitals" */;
			buildPhases = (
				429D3CA02547312400221CBB /* Sources */,
				429D3CA12547312400221CBB /* Frameworks */,
				429D3CA22547312400221CBB /* Resources */,
			);
			buildRules = (
			);
			dependencies = (
			);
			name = "Sensyne Hospitals";
			productName = "Sensyne Hospitals";
			productReference = 429D3CA42547312400221CBB /* Sensyne Hospitals.app */;
			productType = "com.apple.product-type.application";
		};
		429D3CB92547312500221CBB /* Sensyne HospitalsTests */ = {
			isa = PBXNativeTarget;
			buildConfigurationList = 429D3CD12547312500221CBB /* Build configuration list for PBXNativeTarget "Sensyne HospitalsTests" */;
			buildPhases = (
				429D3CB62547312500221CBB /* Sources */,
				429D3CB72547312500221CBB /* Frameworks */,
				429D3CB82547312500221CBB /* Resources */,
			);
			buildRules = (
			);
			dependencies = (
				429D3CBC2547312500221CBB /* PBXTargetDependency */,
			);
			name = "Sensyne HospitalsTests";
			productName = "Sensyne HospitalsTests";
			productReference = 429D3CBA2547312500221CBB /* Sensyne HospitalsTests.xctest */;
			productType = "com.apple.product-type.bundle.unit-test";
		};
		429D3CC42547312500221CBB /* Sensyne HospitalsUITests */ = {
			isa = PBXNativeTarget;
			buildConfigurationList = 429D3CD42547312500221CBB /* Build configuration list for PBXNativeTarget "Sensyne HospitalsUITests" */;
			buildPhases = (
				429D3CC12547312500221CBB /* Sources */,
				429D3CC22547312500221CBB /* Frameworks */,
				429D3CC32547312500221CBB /* Resources */,
			);
			buildRules = (
			);
			dependencies = (
				429D3CC72547312500221CBB /* PBXTargetDependency */,
			);
			name = "Sensyne HospitalsUITests";
			productName = "Sensyne HospitalsUITests";
			productReference = 429D3CC52547312500221CBB /* Sensyne HospitalsUITests.xctest */;
			productType = "com.apple.product-type.bundle.ui-testing";
		};
/* End PBXNativeTarget section */

/* Begin PBXProject section */
		429D3C9C2547312400221CBB /* Project object */ = {
			isa = PBXProject;
			attributes = {
				LastSwiftUpdateCheck = 1210;
				LastUpgradeCheck = 1210;
				TargetAttributes = {
					429D3CA32547312400221CBB = {
						CreatedOnToolsVersion = 12.1;
					};
					429D3CB92547312500221CBB = {
						CreatedOnToolsVersion = 12.1;
						TestTargetID = 429D3CA32547312400221CBB;
					};
					429D3CC42547312500221CBB = {
						CreatedOnToolsVersion = 12.1;
						TestTargetID = 429D3CA32547312400221CBB;
					};
				};
			};
			buildConfigurationList = 429D3C9F2547312400221CBB /* Build configuration list for PBXProject "Sensyne Hospitals" */;
			compatibilityVersion = "Xcode 9.3";
			developmentRegion = en;
			hasScannedForEncodings = 0;
			knownRegions = (
				en,
				Base,
			);
			mainGroup = 429D3C9B2547312400221CBB;
			productRefGroup = 429D3CA52547312400221CBB /* Products */;
			projectDirPath = "";
			projectRoot = "";
			targets = (
				429D3CA32547312400221CBB /* Sensyne Hospitals */,
				429D3CB92547312500221CBB /* Sensyne HospitalsTests */,
				429D3CC42547312500221CBB /* Sensyne HospitalsUITests */,
			);
		};
/* End PBXProject section */

/* Begin PBXResourcesBuildPhase section */
		429D3CA22547312400221CBB /* Resources */ = {
			isa = PBXResourcesBuildPhase;
			buildActionMask = 2147483647;
			files = (
				429D3CB42547312500221CBB /* LaunchScreen.storyboard in Resources */,
				4287A80D2548726700B344EC /* HospitalListCell.xib in Resources */,
				429D3CB12547312500221CBB /* Assets.xcassets in Resources */,
				429D3CAF2547312400221CBB /* Main.storyboard in Resources */,
			);
			runOnlyForDeploymentPostprocessing = 0;
		};
		429D3CB82547312500221CBB /* Resources */ = {
			isa = PBXResourcesBuildPhase;
			buildActionMask = 2147483647;
			files = (
				42614AE72548897D003BBAC8 /* Hospital.csv in Resources */,
			);
			runOnlyForDeploymentPostprocessing = 0;
		};
		429D3CC32547312500221CBB /* Resources */ = {
			isa = PBXResourcesBuildPhase;
			buildActionMask = 2147483647;
			files = (
			);
			runOnlyForDeploymentPostprocessing = 0;
		};
/* End PBXResourcesBuildPhase section */

/* Begin PBXSourcesBuildPhase section */
		429D3CA02547312400221CBB /* Sources */ = {
			isa = PBXSourcesBuildPhase;
			buildActionMask = 2147483647;
			files = (
				42C4373225478B6000E62374 /* CSVFile.swift in Sources */,
				429D3CF82547400100221CBB /* NetworkManager.swift in Sources */,
				429D3CE72547318100221CBB /* HospitalListVC.swift in Sources */,
				4287A80C2548726700B344EC /* HospitalListCell.swift in Sources */,
				429D3CA82547312400221CBB /* AppDelegate.swift in Sources */,
				42E6F7732548697C008E1CB0 /* HospitalListVC+UITableView.swift in Sources */,
				429D3CEC2547324600221CBB /* HospitalListViewModel.swift in Sources */,
				42E87F8D2548612E0088A381 /* HospitalCSVField.swift in Sources */,
				429D3CF3254732DC00221CBB /* Hospital.swift in Sources */,
				429D3CAA2547312400221CBB /* SceneDelegate.swift in Sources */,
			);
			runOnlyForDeploymentPostprocessing = 0;
		};
		429D3CB62547312500221CBB /* Sources */ = {
			isa = PBXSourcesBuildPhase;
			buildActionMask = 2147483647;
			files = (
				42614ACC25487B33003BBAC8 /* HospitalListViewModelTests.swift in Sources */,
				42614ABB254876CA003BBAC8 /* HospitalListVCTests.swift in Sources */,
				42614AC425487753003BBAC8 /* HospitalListViewModelSpy.swift in Sources */,
				42614AD125488319003BBAC8 /* HospitalListViewSpy.swift in Sources */,
				429D3CBF2547312500221CBB /* Sensyne_HospitalsTests.swift in Sources */,
				42614AD7254883D1003BBAC8 /* NetworkManagerSpy.swift in Sources */,
			);
			runOnlyForDeploymentPostprocessing = 0;
		};
		429D3CC12547312500221CBB /* Sources */ = {
			isa = PBXSourcesBuildPhase;
			buildActionMask = 2147483647;
			files = (
				429D3CCA2547312500221CBB /* Sensyne_HospitalsUITests.swift in Sources */,
			);
			runOnlyForDeploymentPostprocessing = 0;
		};
/* End PBXSourcesBuildPhase section */

/* Begin PBXTargetDependency section */
		429D3CBC2547312500221CBB /* PBXTargetDependency */ = {
			isa = PBXTargetDependency;
			target = 429D3CA32547312400221CBB /* Sensyne Hospitals */;
			targetProxy = 429D3CBB2547312500221CBB /* PBXContainerItemProxy */;
		};
		429D3CC72547312500221CBB /* PBXTargetDependency */ = {
			isa = PBXTargetDependency;
			target = 429D3CA32547312400221CBB /* Sensyne Hospitals */;
			targetProxy = 429D3CC62547312500221CBB /* PBXContainerItemProxy */;
		};
/* End PBXTargetDependency section */

/* Begin PBXVariantGroup section */
		429D3CAD2547312400221CBB /* Main.storyboard */ = {
			isa = PBXVariantGroup;
			children = (
				429D3CAE2547312400221CBB /* Base */,
			);
			name = Main.storyboard;
			sourceTree = "<group>";
		};
		429D3CB22547312500221CBB /* LaunchScreen.storyboard */ = {
			isa = PBXVariantGroup;
			children = (
				429D3CB32547312500221CBB /* Base */,
			);
			name = LaunchScreen.storyboard;
			sourceTree = "<group>";
		};
/* End PBXVariantGroup section */

/* Begin XCBuildConfiguration section */
		429D3CCC2547312500221CBB /* Debug */ = {
			isa = XCBuildConfiguration;
			buildSettings = {
				ALWAYS_SEARCH_USER_PATHS = NO;
				CLANG_ANALYZER_NONNULL = YES;
				CLANG_ANALYZER_NUMBER_OBJECT_CONVERSION = YES_AGGRESSIVE;
				CLANG_CXX_LANGUAGE_STANDARD = "gnu++14";
				CLANG_CXX_LIBRARY = "libc++";
				CLANG_ENABLE_MODULES = YES;
				CLANG_ENABLE_OBJC_ARC = YES;
				CLANG_ENABLE_OBJC_WEAK = YES;
				CLANG_WARN_BLOCK_CAPTURE_AUTORELEASING = YES;
				CLANG_WARN_BOOL_CONVERSION = YES;
				CLANG_WARN_COMMA = YES;
				CLANG_WARN_CONSTANT_CONVERSION = YES;
				CLANG_WARN_DEPRECATED_OBJC_IMPLEMENTATIONS = YES;
				CLANG_WARN_DIRECT_OBJC_ISA_USAGE = YES_ERROR;
				CLANG_WARN_DOCUMENTATION_COMMENTS = YES;
				CLANG_WARN_EMPTY_BODY = YES;
				CLANG_WARN_ENUM_CONVERSION = YES;
				CLANG_WARN_INFINITE_RECURSION = YES;
				CLANG_WARN_INT_CONVERSION = YES;
				CLANG_WARN_NON_LITERAL_NULL_CONVERSION = YES;
				CLANG_WARN_OBJC_IMPLICIT_RETAIN_SELF = YES;
				CLANG_WARN_OBJC_LITERAL_CONVERSION = YES;
				CLANG_WARN_OBJC_ROOT_CLASS = YES_ERROR;
				CLANG_WARN_QUOTED_INCLUDE_IN_FRAMEWORK_HEADER = YES;
				CLANG_WARN_RANGE_LOOP_ANALYSIS = YES;
				CLANG_WARN_STRICT_PROTOTYPES = YES;
				CLANG_WARN_SUSPICIOUS_MOVE = YES;
				CLANG_WARN_UNGUARDED_AVAILABILITY = YES_AGGRESSIVE;
				CLANG_WARN_UNREACHABLE_CODE = YES;
				CLANG_WARN__DUPLICATE_METHOD_MATCH = YES;
				COPY_PHASE_STRIP = NO;
				DEBUG_INFORMATION_FORMAT = dwarf;
				ENABLE_STRICT_OBJC_MSGSEND = YES;
				ENABLE_TESTABILITY = YES;
				GCC_C_LANGUAGE_STANDARD = gnu11;
				GCC_DYNAMIC_NO_PIC = NO;
				GCC_NO_COMMON_BLOCKS = YES;
				GCC_OPTIMIZATION_LEVEL = 0;
				GCC_PREPROCESSOR_DEFINITIONS = (
					"DEBUG=1",
					"$(inherited)",
				);
				GCC_WARN_64_TO_32_BIT_CONVERSION = YES;
				GCC_WARN_ABOUT_RETURN_TYPE = YES_ERROR;
				GCC_WARN_UNDECLARED_SELECTOR = YES;
				GCC_WARN_UNINITIALIZED_AUTOS = YES_AGGRESSIVE;
				GCC_WARN_UNUSED_FUNCTION = YES;
				GCC_WARN_UNUSED_VARIABLE = YES;
				IPHONEOS_DEPLOYMENT_TARGET = 14.1;
				MTL_ENABLE_DEBUG_INFO = INCLUDE_SOURCE;
				MTL_FAST_MATH = YES;
				ONLY_ACTIVE_ARCH = YES;
				SDKROOT = iphoneos;
				SWIFT_ACTIVE_COMPILATION_CONDITIONS = DEBUG;
				SWIFT_OPTIMIZATION_LEVEL = "-Onone";
			};
			name = Debug;
		};
		429D3CCD2547312500221CBB /* Release */ = {
			isa = XCBuildConfiguration;
			buildSettings = {
				ALWAYS_SEARCH_USER_PATHS = NO;
				CLANG_ANALYZER_NONNULL = YES;
				CLANG_ANALYZER_NUMBER_OBJECT_CONVERSION = YES_AGGRESSIVE;
				CLANG_CXX_LANGUAGE_STANDARD = "gnu++14";
				CLANG_CXX_LIBRARY = "libc++";
				CLANG_ENABLE_MODULES = YES;
				CLANG_ENABLE_OBJC_ARC = YES;
				CLANG_ENABLE_OBJC_WEAK = YES;
				CLANG_WARN_BLOCK_CAPTURE_AUTORELEASING = YES;
				CLANG_WARN_BOOL_CONVERSION = YES;
				CLANG_WARN_COMMA = YES;
				CLANG_WARN_CONSTANT_CONVERSION = YES;
				CLANG_WARN_DEPRECATED_OBJC_IMPLEMENTATIONS = YES;
				CLANG_WARN_DIRECT_OBJC_ISA_USAGE = YES_ERROR;
				CLANG_WARN_DOCUMENTATION_COMMENTS = YES;
				CLANG_WARN_EMPTY_BODY = YES;
				CLANG_WARN_ENUM_CONVERSION = YES;
				CLANG_WARN_INFINITE_RECURSION = YES;
				CLANG_WARN_INT_CONVERSION = YES;
				CLANG_WARN_NON_LITERAL_NULL_CONVERSION = YES;
				CLANG_WARN_OBJC_IMPLICIT_RETAIN_SELF = YES;
				CLANG_WARN_OBJC_LITERAL_CONVERSION = YES;
				CLANG_WARN_OBJC_ROOT_CLASS = YES_ERROR;
				CLANG_WARN_QUOTED_INCLUDE_IN_FRAMEWORK_HEADER = YES;
				CLANG_WARN_RANGE_LOOP_ANALYSIS = YES;
				CLANG_WARN_STRICT_PROTOTYPES = YES;
				CLANG_WARN_SUSPICIOUS_MOVE = YES;
				CLANG_WARN_UNGUARDED_AVAILABILITY = YES_AGGRESSIVE;
				CLANG_WARN_UNREACHABLE_CODE = YES;
				CLANG_WARN__DUPLICATE_METHOD_MATCH = YES;
				COPY_PHASE_STRIP = NO;
				DEBUG_INFORMATION_FORMAT = "dwarf-with-dsym";
				ENABLE_NS_ASSERTIONS = NO;
				ENABLE_STRICT_OBJC_MSGSEND = YES;
				GCC_C_LANGUAGE_STANDARD = gnu11;
				GCC_NO_COMMON_BLOCKS = YES;
				GCC_WARN_64_TO_32_BIT_CONVERSION = YES;
				GCC_WARN_ABOUT_RETURN_TYPE = YES_ERROR;
				GCC_WARN_UNDECLARED_SELECTOR = YES;
				GCC_WARN_UNINITIALIZED_AUTOS = YES_AGGRESSIVE;
				GCC_WARN_UNUSED_FUNCTION = YES;
				GCC_WARN_UNUSED_VARIABLE = YES;
				IPHONEOS_DEPLOYMENT_TARGET = 14.1;
				MTL_ENABLE_DEBUG_INFO = NO;
				MTL_FAST_MATH = YES;
				SDKROOT = iphoneos;
				SWIFT_COMPILATION_MODE = wholemodule;
				SWIFT_OPTIMIZATION_LEVEL = "-O";
				VALIDATE_PRODUCT = YES;
			};
			name = Release;
		};
		429D3CCF2547312500221CBB /* Debug */ = {
			isa = XCBuildConfiguration;
			buildSettings = {
				ASSETCATALOG_COMPILER_APPICON_NAME = AppIcon;
				ASSETCATALOG_COMPILER_GLOBAL_ACCENT_COLOR_NAME = AccentColor;
				CODE_SIGN_STYLE = Automatic;
				DEVELOPMENT_TEAM = 3SZ5Q7PFC5;
				INFOPLIST_FILE = "Sensyne Hospitals/Info.plist";
				IPHONEOS_DEPLOYMENT_TARGET = 13.0;
				LD_RUNPATH_SEARCH_PATHS = (
					"$(inherited)",
					"@executable_path/Frameworks",
				);
				PRODUCT_BUNDLE_IDENTIFIER = "joshcolley.com.Sensyne-Hospitals";
				PRODUCT_NAME = "$(TARGET_NAME)";
				SWIFT_VERSION = 5.0;
				TARGETED_DEVICE_FAMILY = 1;
			};
			name = Debug;
		};
		429D3CD02547312500221CBB /* Release */ = {
			isa = XCBuildConfiguration;
			buildSettings = {
				ASSETCATALOG_COMPILER_APPICON_NAME = AppIcon;
				ASSETCATALOG_COMPILER_GLOBAL_ACCENT_COLOR_NAME = AccentColor;
				CODE_SIGN_STYLE = Automatic;
				DEVELOPMENT_TEAM = 3SZ5Q7PFC5;
				INFOPLIST_FILE = "Sensyne Hospitals/Info.plist";
				IPHONEOS_DEPLOYMENT_TARGET = 13.0;
				LD_RUNPATH_SEARCH_PATHS = (
					"$(inherited)",
					"@executable_path/Frameworks",
				);
				PRODUCT_BUNDLE_IDENTIFIER = "joshcolley.com.Sensyne-Hospitals";
				PRODUCT_NAME = "$(TARGET_NAME)";
				SWIFT_VERSION = 5.0;
				TARGETED_DEVICE_FAMILY = 1;
			};
			name = Release;
		};
		429D3CD22547312500221CBB /* Debug */ = {
			isa = XCBuildConfiguration;
			buildSettings = {
				ALWAYS_EMBED_SWIFT_STANDARD_LIBRARIES = YES;
				BUNDLE_LOADER = "$(TEST_HOST)";
				CODE_SIGN_STYLE = Automatic;
				DEVELOPMENT_TEAM = 3SZ5Q7PFC5;
				INFOPLIST_FILE = "Sensyne HospitalsTests/Info.plist";
				IPHONEOS_DEPLOYMENT_TARGET = 14.1;
				LD_RUNPATH_SEARCH_PATHS = (
					"$(inherited)",
					"@executable_path/Frameworks",
					"@loader_path/Frameworks",
				);
				PRODUCT_BUNDLE_IDENTIFIER = "joshcolley.com.Sensyne-HospitalsTests";
				PRODUCT_NAME = "$(TARGET_NAME)";
				SWIFT_VERSION = 5.0;
				TARGETED_DEVICE_FAMILY = "1,2";
				TEST_HOST = "$(BUILT_PRODUCTS_DIR)/Sensyne Hospitals.app/Sensyne Hospitals";
			};
			name = Debug;
		};
		429D3CD32547312500221CBB /* Release */ = {
			isa = XCBuildConfiguration;
			buildSettings = {
				ALWAYS_EMBED_SWIFT_STANDARD_LIBRARIES = YES;
				BUNDLE_LOADER = "$(TEST_HOST)";
				CODE_SIGN_STYLE = Automatic;
				DEVELOPMENT_TEAM = 3SZ5Q7PFC5;
				INFOPLIST_FILE = "Sensyne HospitalsTests/Info.plist";
				IPHONEOS_DEPLOYMENT_TARGET = 14.1;
				LD_RUNPATH_SEARCH_PATHS = (
					"$(inherited)",
					"@executable_path/Frameworks",
					"@loader_path/Frameworks",
				);
				PRODUCT_BUNDLE_IDENTIFIER = "joshcolley.com.Sensyne-HospitalsTests";
				PRODUCT_NAME = "$(TARGET_NAME)";
				SWIFT_VERSION = 5.0;
				TARGETED_DEVICE_FAMILY = "1,2";
				TEST_HOST = "$(BUILT_PRODUCTS_DIR)/Sensyne Hospitals.app/Sensyne Hospitals";
			};
			name = Release;
		};
		429D3CD52547312500221CBB /* Debug */ = {
			isa = XCBuildConfiguration;
			buildSettings = {
				ALWAYS_EMBED_SWIFT_STANDARD_LIBRARIES = YES;
				CODE_SIGN_STYLE = Automatic;
				DEVELOPMENT_TEAM = 3SZ5Q7PFC5;
				INFOPLIST_FILE = "Sensyne HospitalsUITests/Info.plist";
				LD_RUNPATH_SEARCH_PATHS = (
					"$(inherited)",
					"@executable_path/Frameworks",
					"@loader_path/Frameworks",
				);
				PRODUCT_BUNDLE_IDENTIFIER = "joshcolley.com.Sensyne-HospitalsUITests";
				PRODUCT_NAME = "$(TARGET_NAME)";
				SWIFT_VERSION = 5.0;
				TARGETED_DEVICE_FAMILY = "1,2";
				TEST_TARGET_NAME = "Sensyne Hospitals";
			};
			name = Debug;
		};
		429D3CD62547312500221CBB /* Release */ = {
			isa = XCBuildConfiguration;
			buildSettings = {
				ALWAYS_EMBED_SWIFT_STANDARD_LIBRARIES = YES;
				CODE_SIGN_STYLE = Automatic;
				DEVELOPMENT_TEAM = 3SZ5Q7PFC5;
				INFOPLIST_FILE = "Sensyne HospitalsUITests/Info.plist";
				LD_RUNPATH_SEARCH_PATHS = (
					"$(inherited)",
					"@executable_path/Frameworks",
					"@loader_path/Frameworks",
				);
				PRODUCT_BUNDLE_IDENTIFIER = "joshcolley.com.Sensyne-HospitalsUITests";
				PRODUCT_NAME = "$(TARGET_NAME)";
				SWIFT_VERSION = 5.0;
				TARGETED_DEVICE_FAMILY = "1,2";
				TEST_TARGET_NAME = "Sensyne Hospitals";
			};
			name = Release;
		};
/* End XCBuildConfiguration section */

/* Begin XCConfigurationList section */
		429D3C9F2547312400221CBB /* Build configuration list for PBXProject "Sensyne Hospitals" */ = {
			isa = XCConfigurationList;
			buildConfigurations = (
				429D3CCC2547312500221CBB /* Debug */,
				429D3CCD2547312500221CBB /* Release */,
			);
			defaultConfigurationIsVisible = 0;
			defaultConfigurationName = Release;
		};
		429D3CCE2547312500221CBB /* Build configuration list for PBXNativeTarget "Sensyne Hospitals" */ = {
			isa = XCConfigurationList;
			buildConfigurations = (
				429D3CCF2547312500221CBB /* Debug */,
				429D3CD02547312500221CBB /* Release */,
			);
			defaultConfigurationIsVisible = 0;
			defaultConfigurationName = Release;
		};
		429D3CD12547312500221CBB /* Build configuration list for PBXNativeTarget "Sensyne HospitalsTests" */ = {
			isa = XCConfigurationList;
			buildConfigurations = (
				429D3CD22547312500221CBB /* Debug */,
				429D3CD32547312500221CBB /* Release */,
			);
			defaultConfigurationIsVisible = 0;
			defaultConfigurationName = Release;
		};
		429D3CD42547312500221CBB /* Build configuration list for PBXNativeTarget "Sensyne HospitalsUITests" */ = {
			isa = XCConfigurationList;
			buildConfigurations = (
				429D3CD52547312500221CBB /* Debug */,
				429D3CD62547312500221CBB /* Release */,
			);
			defaultConfigurationIsVisible = 0;
			defaultConfigurationName = Release;
		};
/* End XCConfigurationList section */
	};
	rootObject = 429D3C9C2547312400221CBB /* Project object */;
}
